
Microsoft Visual Studio Solution File, Format Version 12.00
# Visual Studio Version 17
VisualStudioVersion = 17.0.31903.59
MinimumVisualStudioVersion = 10.0.40219.1
Project("{2150E333-8FDC-42A3-9474-1A3956D46DE8}") = "src", "src", "{8DC7E704-1971-4D45-BE61-FF280AE4DF18}"
EndProject
Project("{FAE04EC0-301F-11D3-BF4B-00C04F79EFBC}") = "Dvchevskii.Optional", "src\Dvchevskii.Optional\Dvchevskii.Optional.csproj", "{DD80D030-5561-484A-88B0-DA8BB827ADED}"
EndProject
Project("{2150E333-8FDC-42A3-9474-1A3956D46DE8}") = "test", "test", "{518BBE69-4ACC-462B-B82A-679FDC122AA9}"
EndProject
Project("{FAE04EC0-301F-11D3-BF4B-00C04F79EFBC}") = "Dvchevskii.Optional.Tests", "test\Dvchevskii.Optional.Tests\Dvchevskii.Optional.Tests.csproj", "{19F284F5-A68B-4195-A4E5-97E340B1D3C9}"
EndProject
Project("{9A19103F-16F7-4668-BE54-9A1E7A4F7556}") = "_build", "build\_build.csproj", "{5BDDA66F-1BC1-4E98-AF75-889434877F06}"
EndProject
Project("{FAE04EC0-301F-11D3-BF4B-00C04F79EFBC}") = "Dvchevskii.Optional.Async", "src\Dvchevskii.Optional.Async\Dvchevskii.Optional.Async.csproj", "{74302BBC-ED9E-4FBC-BC49-DC075B0BEB98}"
EndProject
Project("{FAE04EC0-301F-11D3-BF4B-00C04F79EFBC}") = "Dvchevskii.Optional.EntityFrameworkCore", "src\Dvchevskii.Optional.EntityFrameworkCore\Dvchevskii.Optional.EntityFrameworkCore.csproj", "{E422BDA6-A3A0-4D25-BC10-6EE1D8236232}"
EndProject
Project("{FAE04EC0-301F-11D3-BF4B-00C04F79EFBC}") = "Dvchevskii.Optional.Async.Tests", "test\Dvchevskii.Optional.Async.Tests\Dvchevskii.Optional.Async.Tests.csproj", "{35C1CF80-BC18-49BC-B898-7856F91D7F8A}"
EndProject
Project("{2150E333-8FDC-42A3-9474-1A3956D46DE8}") = "props_targets", "props_targets", "{F803BE78-5E11-409A-B718-167A20FCBF18}"
	ProjectSection(SolutionItems) = preProject
		Directory.Build.props = Directory.Build.props
	EndProjectSection
EndProject
Project("{2150E333-8FDC-42A3-9474-1A3956D46DE8}") = "config", "config", "{57B911EC-DFCE-4944-8EA6-6AB962C7FD2A}"
	ProjectSection(SolutionItems) = preProject
		.editorconfig = .editorconfig
		.gitignore = .gitignore
		GitVersion.yml = GitVersion.yml
		global.json = global.json
	EndProjectSection
EndProject
Project("{2150E333-8FDC-42A3-9474-1A3956D46DE8}") = "meta", "meta", "{686600D1-32F3-443A-8E5B-8B92A6DE850E}"
	ProjectSection(SolutionItems) = preProject
		LICENSE = LICENSE
		README.md = README.md
	EndProjectSection
EndProject
Project("{FAE04EC0-301F-11D3-BF4B-00C04F79EFBC}") = "Dvchevskii.Optional.EntityFrameworkCore.Tests", "test\Dvchevskii.Optional.EntityFrameworkCore.Tests\Dvchevskii.Optional.EntityFrameworkCore.Tests.csproj", "{3CFFC586-FC50-4191-AB47-5B9FA408F1C2}"
EndProject
Project("{FAE04EC0-301F-11D3-BF4B-00C04F79EFBC}") = "Dvchevskii.Optional.MethodWrappers", "src\Dvchevskii.Optional.MethodWrappers\Dvchevskii.Optional.MethodWrappers.csproj", "{926EFDA5-A0A5-49A7-A0B7-2A8217E6FF1A}"
EndProject
Project("{FAE04EC0-301F-11D3-BF4B-00C04F79EFBC}") = "Dvchevskii.Optional.MethodWrappers.Generators", "src\Dvchevskii.Optional.MethodWrappers.Generators\Dvchevskii.Optional.MethodWrappers.Generators.csproj", "{8C7CF718-2D5C-40F6-B99A-DBB3AF8F8507}"
EndProject
Global
	GlobalSection(SolutionConfigurationPlatforms) = preSolution
		Debug|Any CPU = Debug|Any CPU
		Release|Any CPU = Release|Any CPU
	EndGlobalSection
	GlobalSection(SolutionProperties) = preSolution
		HideSolutionNode = FALSE
	EndGlobalSection
	GlobalSection(ProjectConfigurationPlatforms) = postSolution
		{5BDDA66F-1BC1-4E98-AF75-889434877F06}.Debug|Any CPU.ActiveCfg = Debug|Any CPU
		{5BDDA66F-1BC1-4E98-AF75-889434877F06}.Release|Any CPU.ActiveCfg = Release|Any CPU
		{5BDDA66F-1BC1-4E98-AF75-889434877F06}.Debug|Any CPU.Build.0 = Debug|Any CPU
		{DD80D030-5561-484A-88B0-DA8BB827ADED}.Debug|Any CPU.ActiveCfg = Debug|Any CPU
		{DD80D030-5561-484A-88B0-DA8BB827ADED}.Debug|Any CPU.Build.0 = Debug|Any CPU
		{DD80D030-5561-484A-88B0-DA8BB827ADED}.Release|Any CPU.ActiveCfg = Release|Any CPU
		{DD80D030-5561-484A-88B0-DA8BB827ADED}.Release|Any CPU.Build.0 = Release|Any CPU
		{19F284F5-A68B-4195-A4E5-97E340B1D3C9}.Debug|Any CPU.ActiveCfg = Debug|Any CPU
		{19F284F5-A68B-4195-A4E5-97E340B1D3C9}.Debug|Any CPU.Build.0 = Debug|Any CPU
		{19F284F5-A68B-4195-A4E5-97E340B1D3C9}.Release|Any CPU.ActiveCfg = Release|Any CPU
		{19F284F5-A68B-4195-A4E5-97E340B1D3C9}.Release|Any CPU.Build.0 = Release|Any CPU
		{74302BBC-ED9E-4FBC-BC49-DC075B0BEB98}.Debug|Any CPU.ActiveCfg = Debug|Any CPU
		{74302BBC-ED9E-4FBC-BC49-DC075B0BEB98}.Debug|Any CPU.Build.0 = Debug|Any CPU
		{74302BBC-ED9E-4FBC-BC49-DC075B0BEB98}.Release|Any CPU.ActiveCfg = Release|Any CPU
		{74302BBC-ED9E-4FBC-BC49-DC075B0BEB98}.Release|Any CPU.Build.0 = Release|Any CPU
		{E422BDA6-A3A0-4D25-BC10-6EE1D8236232}.Debug|Any CPU.ActiveCfg = Debug|Any CPU
		{E422BDA6-A3A0-4D25-BC10-6EE1D8236232}.Debug|Any CPU.Build.0 = Debug|Any CPU
		{E422BDA6-A3A0-4D25-BC10-6EE1D8236232}.Release|Any CPU.ActiveCfg = Release|Any CPU
		{E422BDA6-A3A0-4D25-BC10-6EE1D8236232}.Release|Any CPU.Build.0 = Release|Any CPU
		{35C1CF80-BC18-49BC-B898-7856F91D7F8A}.Debug|Any CPU.ActiveCfg = Debug|Any CPU
		{35C1CF80-BC18-49BC-B898-7856F91D7F8A}.Debug|Any CPU.Build.0 = Debug|Any CPU
		{35C1CF80-BC18-49BC-B898-7856F91D7F8A}.Release|Any CPU.ActiveCfg = Release|Any CPU
		{35C1CF80-BC18-49BC-B898-7856F91D7F8A}.Release|Any CPU.Build.0 = Release|Any CPU
		{3CFFC586-FC50-4191-AB47-5B9FA408F1C2}.Debug|Any CPU.ActiveCfg = Debug|Any CPU
		{3CFFC586-FC50-4191-AB47-5B9FA408F1C2}.Debug|Any CPU.Build.0 = Debug|Any CPU
		{3CFFC586-FC50-4191-AB47-5B9FA408F1C2}.Release|Any CPU.ActiveCfg = Release|Any CPU
		{3CFFC586-FC50-4191-AB47-5B9FA408F1C2}.Release|Any CPU.Build.0 = Release|Any CPU
		{926EFDA5-A0A5-49A7-A0B7-2A8217E6FF1A}.Debug|Any CPU.ActiveCfg = Debug|Any CPU
		{926EFDA5-A0A5-49A7-A0B7-2A8217E6FF1A}.Debug|Any CPU.Build.0 = Debug|Any CPU
		{926EFDA5-A0A5-49A7-A0B7-2A8217E6FF1A}.Release|Any CPU.ActiveCfg = Release|Any CPU
		{926EFDA5-A0A5-49A7-A0B7-2A8217E6FF1A}.Release|Any CPU.Build.0 = Release|Any CPU
		{8C7CF718-2D5C-40F6-B99A-DBB3AF8F8507}.Debug|Any CPU.ActiveCfg = Debug|Any CPU
		{8C7CF718-2D5C-40F6-B99A-DBB3AF8F8507}.Debug|Any CPU.Build.0 = Debug|Any CPU
		{8C7CF718-2D5C-40F6-B99A-DBB3AF8F8507}.Release|Any CPU.ActiveCfg = Release|Any CPU
		{8C7CF718-2D5C-40F6-B99A-DBB3AF8F8507}.Release|Any CPU.Build.0 = Release|Any CPU
	EndGlobalSection
	GlobalSection(NestedProjects) = preSolution
		{DD80D030-5561-484A-88B0-DA8BB827ADED} = {8DC7E704-1971-4D45-BE61-FF280AE4DF18}
		{19F284F5-A68B-4195-A4E5-97E340B1D3C9} = {518BBE69-4ACC-462B-B82A-679FDC122AA9}
		{74302BBC-ED9E-4FBC-BC49-DC075B0BEB98} = {8DC7E704-1971-4D45-BE61-FF280AE4DF18}
		{E422BDA6-A3A0-4D25-BC10-6EE1D8236232} = {8DC7E704-1971-4D45-BE61-FF280AE4DF18}
		{35C1CF80-BC18-49BC-B898-7856F91D7F8A} = {518BBE69-4ACC-462B-B82A-679FDC122AA9}
		{3CFFC586-FC50-4191-AB47-5B9FA408F1C2} = {518BBE69-4ACC-462B-B82A-679FDC122AA9}
		{926EFDA5-A0A5-49A7-A0B7-2A8217E6FF1A} = {8DC7E704-1971-4D45-BE61-FF280AE4DF18}
		{8C7CF718-2D5C-40F6-B99A-DBB3AF8F8507} = {8DC7E704-1971-4D45-BE61-FF280AE4DF18}
	EndGlobalSection
EndGlobal
