
Microsoft Visual Studio Solution File, Format Version 12.00
# Visual Studio Version 17
VisualStudioVersion = 17.0.31903.59
MinimumVisualStudioVersion = 10.0.40219.1
Project("{2150E333-8FDC-42A3-9474-1A3956D46DE8}") = "src", "src", "{8DC7E704-1971-4D45-BE61-FF280AE4DF18}"
EndProject
Project("{FAE04EC0-301F-11D3-BF4B-00C04F79EFBC}") = "Option", "src\Option\Option.csproj", "{DD80D030-5561-484A-88B0-DA8BB827ADED}"
EndProject
Project("{2150E333-8FDC-42A3-9474-1A3956D46DE8}") = "test", "test", "{518BBE69-4ACC-462B-B82A-679FDC122AA9}"
EndProject
Project("{FAE04EC0-301F-11D3-BF4B-00C04F79EFBC}") = "Option.Tests", "test\Option.Tests\Option.Tests.csproj", "{19F284F5-A68B-4195-A4E5-97E340B1D3C9}"
EndProject
Project("{9A19103F-16F7-4668-BE54-9A1E7A4F7556}") = "_build", "build\_build.csproj", "{62225741-5A16-4059-B6A2-AA02AE8D215E}"
EndProject
Global
	GlobalSection(SolutionConfigurationPlatforms) = preSolution
		Debug|Any CPU = Debug|Any CPU
		Release|Any CPU = Release|Any CPU
	EndGlobalSection
	GlobalSection(SolutionProperties) = preSolution
		HideSolutionNode = FALSE
	EndGlobalSection
	GlobalSection(ProjectConfigurationPlatforms) = postSolution
		{62225741-5A16-4059-B6A2-AA02AE8D215E}.Debug|Any CPU.ActiveCfg = Debug|Any CPU
		{62225741-5A16-4059-B6A2-AA02AE8D215E}.Release|Any CPU.ActiveCfg = Release|Any CPU
		{DD80D030-5561-484A-88B0-DA8BB827ADED}.Debug|Any CPU.ActiveCfg = Debug|Any CPU
		{DD80D030-5561-484A-88B0-DA8BB827ADED}.Debug|Any CPU.Build.0 = Debug|Any CPU
		{DD80D030-5561-484A-88B0-DA8BB827ADED}.Release|Any CPU.ActiveCfg = Release|Any CPU
		{DD80D030-5561-484A-88B0-DA8BB827ADED}.Release|Any CPU.Build.0 = Release|Any CPU
		{19F284F5-A68B-4195-A4E5-97E340B1D3C9}.Debug|Any CPU.ActiveCfg = Debug|Any CPU
		{19F284F5-A68B-4195-A4E5-97E340B1D3C9}.Debug|Any CPU.Build.0 = Debug|Any CPU
		{19F284F5-A68B-4195-A4E5-97E340B1D3C9}.Release|Any CPU.ActiveCfg = Release|Any CPU
		{19F284F5-A68B-4195-A4E5-97E340B1D3C9}.Release|Any CPU.Build.0 = Release|Any CPU
	EndGlobalSection
	GlobalSection(NestedProjects) = preSolution
		{DD80D030-5561-484A-88B0-DA8BB827ADED} = {8DC7E704-1971-4D45-BE61-FF280AE4DF18}
		{19F284F5-A68B-4195-A4E5-97E340B1D3C9} = {518BBE69-4ACC-462B-B82A-679FDC122AA9}
	EndGlobalSection
EndGlobal
